
Microsoft Visual Studio Solution File, Format Version 12.00
# Visual Studio Version 17
VisualStudioVersion = 17.4.33122.133
MinimumVisualStudioVersion = 10.0.40219.1
Project("{FAE04EC0-301F-11D3-BF4B-00C04F79EFBC}") = "OWASP.CryptographicFailures.Web.Before", "OWASP.CryptographicFailures.Web.Before\OWASP.CryptographicFailures.Web.Before.csproj", "{8D18A2B4-3A41-4A39-A052-3434C1EBBAC1}"
EndProject
Project("{9A19103F-16F7-4668-BE54-9A1E7A4F7556}") = "OWASP.CryptographicFailures.Web.After", "OWASP.CryptographicFailures.Web.After\OWASP.CryptographicFailures.Web.After.csproj", "{163C7B7A-E00F-4B30-B072-C5B15681DAEC}"
EndProject
Global
	GlobalSection(SolutionConfigurationPlatforms) = preSolution
		Debug|Any CPU = Debug|Any CPU
		Release|Any CPU = Release|Any CPU
	EndGlobalSection
	GlobalSection(ProjectConfigurationPlatforms) = postSolution
		{8D18A2B4-3A41-4A39-A052-3434C1EBBAC1}.Debug|Any CPU.ActiveCfg = Debug|Any CPU
		{8D18A2B4-3A41-4A39-A052-3434C1EBBAC1}.Debug|Any CPU.Build.0 = Debug|Any CPU
		{8D18A2B4-3A41-4A39-A052-3434C1EBBAC1}.Release|Any CPU.ActiveCfg = Release|Any CPU
		{8D18A2B4-3A41-4A39-A052-3434C1EBBAC1}.Release|Any CPU.Build.0 = Release|Any CPU
		{163C7B7A-E00F-4B30-B072-C5B15681DAEC}.Debug|Any CPU.ActiveCfg = Debug|Any CPU
		{163C7B7A-E00F-4B30-B072-C5B15681DAEC}.Debug|Any CPU.Build.0 = Debug|Any CPU
		{163C7B7A-E00F-4B30-B072-C5B15681DAEC}.Release|Any CPU.ActiveCfg = Release|Any CPU
		{163C7B7A-E00F-4B30-B072-C5B15681DAEC}.Release|Any CPU.Build.0 = Release|Any CPU
	EndGlobalSection
	GlobalSection(SolutionProperties) = preSolution
		HideSolutionNode = FALSE
	EndGlobalSection
	GlobalSection(ExtensibilityGlobals) = postSolution
		SolutionGuid = {F8CEF99B-2C5A-4C3D-8363-D035B1573AA2}
	EndGlobalSection
EndGlobal
