
Microsoft Visual Studio Solution File, Format Version 12.00
# Visual Studio Version 17
VisualStudioVersion = 17.4.33122.133
MinimumVisualStudioVersion = 10.0.40219.1
Project("{9A19103F-16F7-4668-BE54-9A1E7A4F7556}") = "OWASP.Injections.Web.Before", "OWASP.Injections.Web.Before\OWASP.Injections.Web.Before.csproj", "{72EDC945-7C70-40F7-839E-F3804244A1F8}"
EndProject
Project("{9A19103F-16F7-4668-BE54-9A1E7A4F7556}") = "OWASP.Injections.Web.After", "OWASP.Injections.Web.After\OWASP.Injections.Web.After.csproj", "{6F4E3AA3-33AF-4CB9-8F23-0135D4092B6F}"
EndProject
Global
	GlobalSection(SolutionConfigurationPlatforms) = preSolution
		Debug|Any CPU = Debug|Any CPU
		Release|Any CPU = Release|Any CPU
	EndGlobalSection
	GlobalSection(ProjectConfigurationPlatforms) = postSolution
		{72EDC945-7C70-40F7-839E-F3804244A1F8}.Debug|Any CPU.ActiveCfg = Debug|Any CPU
		{72EDC945-7C70-40F7-839E-F3804244A1F8}.Debug|Any CPU.Build.0 = Debug|Any CPU
		{72EDC945-7C70-40F7-839E-F3804244A1F8}.Release|Any CPU.ActiveCfg = Release|Any CPU
		{72EDC945-7C70-40F7-839E-F3804244A1F8}.Release|Any CPU.Build.0 = Release|Any CPU
		{6F4E3AA3-33AF-4CB9-8F23-0135D4092B6F}.Debug|Any CPU.ActiveCfg = Debug|Any CPU
		{6F4E3AA3-33AF-4CB9-8F23-0135D4092B6F}.Debug|Any CPU.Build.0 = Debug|Any CPU
		{6F4E3AA3-33AF-4CB9-8F23-0135D4092B6F}.Release|Any CPU.ActiveCfg = Release|Any CPU
		{6F4E3AA3-33AF-4CB9-8F23-0135D4092B6F}.Release|Any CPU.Build.0 = Release|Any CPU
	EndGlobalSection
	GlobalSection(SolutionProperties) = preSolution
		HideSolutionNode = FALSE
	EndGlobalSection
	GlobalSection(ExtensibilityGlobals) = postSolution
		SolutionGuid = {1067FF7F-9010-4D53-9733-5FFE55021DF7}
	EndGlobalSection
EndGlobal
